// !$*UTF8*$!
{
	archiveVersion = 1;
	classes = {
	};
	objectVersion = 56;
	objects = {

/* Begin PBXBuildFile section */
		4A3BE9B12BD58FA9000DB788 /* FocusDataGenerator.swift in Sources */ = {isa = PBXBuildFile; fileRef = 4A3BE9B02BD58FA9000DB788 /* FocusDataGenerator.swift */; };
		4A3BE9B62BD5C8DE000DB788 /* ContentViewModel.swift in Sources */ = {isa = PBXBuildFile; fileRef = 4A3BE9B52BD5C8DE000DB788 /* ContentViewModel.swift */; };
		4A4CBFF92BD31C1E0021F5C7 /* NeurableApp.swift in Sources */ = {isa = PBXBuildFile; fileRef = 4A4CBFF82BD31C1E0021F5C7 /* NeurableApp.swift */; };
		4A4CBFFB2BD31C1E0021F5C7 /* ContentView.swift in Sources */ = {isa = PBXBuildFile; fileRef = 4A4CBFFA2BD31C1E0021F5C7 /* ContentView.swift */; };
		4A4CBFFD2BD31C200021F5C7 /* Assets.xcassets in Resources */ = {isa = PBXBuildFile; fileRef = 4A4CBFFC2BD31C200021F5C7 /* Assets.xcassets */; };
		4A4CC0002BD31C200021F5C7 /* Preview Assets.xcassets in Resources */ = {isa = PBXBuildFile; fileRef = 4A4CBFFF2BD31C200021F5C7 /* Preview Assets.xcassets */; };
		4A4CC0072BD31D5E0021F5C7 /* README.md in Resources */ = {isa = PBXBuildFile; fileRef = 4A4CC0062BD31D5E0021F5C7 /* README.md */; };
		4A4CC00A2BD31DCE0021F5C7 /* SwiftProtobuf in Frameworks */ = {isa = PBXBuildFile; productRef = 4A4CC0092BD31DCE0021F5C7 /* SwiftProtobuf */; };
		4A4CC00C2BD31DCE0021F5C7 /* SwiftProtobufPluginLibrary in Frameworks */ = {isa = PBXBuildFile; productRef = 4A4CC00B2BD31DCE0021F5C7 /* SwiftProtobufPluginLibrary */; };
		4A4CC00E2BD31DFB0021F5C7 /* session.pb.swift in Sources */ = {isa = PBXBuildFile; fileRef = 4A4CC00D2BD31DFB0021F5C7 /* session.pb.swift */; };
		4A4CC0102BD31E210021F5C7 /* ProtobufValidator.swift in Sources */ = {isa = PBXBuildFile; fileRef = 4A4CC00F2BD31E210021F5C7 /* ProtobufValidator.swift */; };
/* End PBXBuildFile section */

/* Begin PBXFileReference section */
		4A3BE9B02BD58FA9000DB788 /* FocusDataGenerator.swift */ = {isa = PBXFileReference; lastKnownFileType = sourcecode.swift; path = FocusDataGenerator.swift; sourceTree = "<group>"; };
		4A3BE9B52BD5C8DE000DB788 /* ContentViewModel.swift */ = {isa = PBXFileReference; lastKnownFileType = sourcecode.swift; path = ContentViewModel.swift; sourceTree = "<group>"; };
		4A4CBFF52BD31C1E0021F5C7 /* Neurable.app */ = {isa = PBXFileReference; explicitFileType = wrapper.application; includeInIndex = 0; path = Neurable.app; sourceTree = BUILT_PRODUCTS_DIR; };
		4A4CBFF82BD31C1E0021F5C7 /* NeurableApp.swift */ = {isa = PBXFileReference; lastKnownFileType = sourcecode.swift; path = NeurableApp.swift; sourceTree = "<group>"; };
		4A4CBFFA2BD31C1E0021F5C7 /* ContentView.swift */ = {isa = PBXFileReference; lastKnownFileType = sourcecode.swift; path = ContentView.swift; sourceTree = "<group>"; };
		4A4CBFFC2BD31C200021F5C7 /* Assets.xcassets */ = {isa = PBXFileReference; lastKnownFileType = folder.assetcatalog; path = Assets.xcassets; sourceTree = "<group>"; };
		4A4CBFFF2BD31C200021F5C7 /* Preview Assets.xcassets */ = {isa = PBXFileReference; lastKnownFileType = folder.assetcatalog; path = "Preview Assets.xcassets"; sourceTree = "<group>"; };
		4A4CC0062BD31D5E0021F5C7 /* README.md */ = {isa = PBXFileReference; fileEncoding = 4; lastKnownFileType = net.daringfireball.markdown; path = README.md; sourceTree = "<group>"; };
		4A4CC00D2BD31DFB0021F5C7 /* session.pb.swift */ = {isa = PBXFileReference; fileEncoding = 4; lastKnownFileType = sourcecode.swift; path = session.pb.swift; sourceTree = "<group>"; };
		4A4CC00F2BD31E210021F5C7 /* ProtobufValidator.swift */ = {isa = PBXFileReference; fileEncoding = 4; lastKnownFileType = sourcecode.swift; path = ProtobufValidator.swift; sourceTree = "<group>"; };
/* End PBXFileReference section */

/* Begin PBXFrameworksBuildPhase section */
		4A4CBFF22BD31C1E0021F5C7 /* Frameworks */ = {
			isa = PBXFrameworksBuildPhase;
			buildActionMask = 2147483647;
			files = (
				4A4CC00C2BD31DCE0021F5C7 /* SwiftProtobufPluginLibrary in Frameworks */,
				4A4CC00A2BD31DCE0021F5C7 /* SwiftProtobuf in Frameworks */,
			);
			runOnlyForDeploymentPostprocessing = 0;
		};
/* End PBXFrameworksBuildPhase section */

/* Begin PBXGroup section */
		4A4CBFEC2BD31C1E0021F5C7 = {
			isa = PBXGroup;
			children = (
				4A4CBFF72BD31C1E0021F5C7 /* Neurable */,
				4A4CBFF62BD31C1E0021F5C7 /* Products */,
			);
			sourceTree = "<group>";
		};
		4A4CBFF62BD31C1E0021F5C7 /* Products */ = {
			isa = PBXGroup;
			children = (
				4A4CBFF52BD31C1E0021F5C7 /* Neurable.app */,
			);
			name = Products;
			sourceTree = "<group>";
		};
		4A4CBFF72BD31C1E0021F5C7 /* Neurable */ = {
			isa = PBXGroup;
			children = (
				4A4CBFF82BD31C1E0021F5C7 /* NeurableApp.swift */,
				4A4CC0062BD31D5E0021F5C7 /* README.md */,
				4A4CBFFA2BD31C1E0021F5C7 /* ContentView.swift */,
				4A3BE9B52BD5C8DE000DB788 /* ContentViewModel.swift */,
				4A4CBFFC2BD31C200021F5C7 /* Assets.xcassets */,
				4A4CC00F2BD31E210021F5C7 /* ProtobufValidator.swift */,
				4A4CC00D2BD31DFB0021F5C7 /* session.pb.swift */,
				4A3BE9B02BD58FA9000DB788 /* FocusDataGenerator.swift */,
				4A4CBFFE2BD31C200021F5C7 /* Preview Content */,
			);
			path = Neurable;
			sourceTree = "<group>";
		};
		4A4CBFFE2BD31C200021F5C7 /* Preview Content */ = {
			isa = PBXGroup;
			children = (
				4A4CBFFF2BD31C200021F5C7 /* Preview Assets.xcassets */,
			);
			path = "Preview Content";
			sourceTree = "<group>";
		};
/* End PBXGroup section */

/* Begin PBXNativeTarget section */
		4A4CBFF42BD31C1E0021F5C7 /* Neurable */ = {
			isa = PBXNativeTarget;
			buildConfigurationList = 4A4CC0032BD31C200021F5C7 /* Build configuration list for PBXNativeTarget "Neurable" */;
			buildPhases = (
				4A4CBFF12BD31C1E0021F5C7 /* Sources */,
				4A4CBFF22BD31C1E0021F5C7 /* Frameworks */,
				4A4CBFF32BD31C1E0021F5C7 /* Resources */,
			);
			buildRules = (
			);
			dependencies = (
			);
			name = Neurable;
			packageProductDependencies = (
				4A4CC0092BD31DCE0021F5C7 /* SwiftProtobuf */,
				4A4CC00B2BD31DCE0021F5C7 /* SwiftProtobufPluginLibrary */,
			);
			productName = Neurable;
			productReference = 4A4CBFF52BD31C1E0021F5C7 /* Neurable.app */;
			productType = "com.apple.product-type.application";
		};
/* End PBXNativeTarget section */

/* Begin PBXProject section */
		4A4CBFED2BD31C1E0021F5C7 /* Project object */ = {
			isa = PBXProject;
			attributes = {
				BuildIndependentTargetsInParallel = 1;
				LastSwiftUpdateCheck = 1530;
				LastUpgradeCheck = 1530;
				TargetAttributes = {
					4A4CBFF42BD31C1E0021F5C7 = {
						CreatedOnToolsVersion = 15.3;
					};
				};
			};
			buildConfigurationList = 4A4CBFF02BD31C1E0021F5C7 /* Build configuration list for PBXProject "Neurable" */;
			compatibilityVersion = "Xcode 14.0";
			developmentRegion = en;
			hasScannedForEncodings = 0;
			knownRegions = (
				en,
				Base,
			);
			mainGroup = 4A4CBFEC2BD31C1E0021F5C7;
			packageReferences = (
				4A4CC0082BD31DCE0021F5C7 /* XCRemoteSwiftPackageReference "swift-protobuf" */,
			);
			productRefGroup = 4A4CBFF62BD31C1E0021F5C7 /* Products */;
			projectDirPath = "";
			projectRoot = "";
			targets = (
				4A4CBFF42BD31C1E0021F5C7 /* Neurable */,
			);
		};
/* End PBXProject section */

/* Begin PBXResourcesBuildPhase section */
		4A4CBFF32BD31C1E0021F5C7 /* Resources */ = {
			isa = PBXResourcesBuildPhase;
			buildActionMask = 2147483647;
			files = (
				4A4CC0072BD31D5E0021F5C7 /* README.md in Resources */,
				4A4CC0002BD31C200021F5C7 /* Preview Assets.xcassets in Resources */,
				4A4CBFFD2BD31C200021F5C7 /* Assets.xcassets in Resources */,
			);
			runOnlyForDeploymentPostprocessing = 0;
		};
/* End PBXResourcesBuildPhase section */

/* Begin PBXSourcesBuildPhase section */
		4A4CBFF12BD31C1E0021F5C7 /* Sources */ = {
			isa = PBXSourcesBuildPhase;
			buildActionMask = 2147483647;
			files = (
				4A3BE9B12BD58FA9000DB788 /* FocusDataGenerator.swift in Sources */,
				4A4CBFFB2BD31C1E0021F5C7 /* ContentView.swift in Sources */,
				4A3BE9B62BD5C8DE000DB788 /* ContentViewModel.swift in Sources */,
				4A4CC0102BD31E210021F5C7 /* ProtobufValidator.swift in Sources */,
				4A4CBFF92BD31C1E0021F5C7 /* NeurableApp.swift in Sources */,
				4A4CC00E2BD31DFB0021F5C7 /* session.pb.swift in Sources */,
			);
			runOnlyForDeploymentPostprocessing = 0;
		};
/* End PBXSourcesBuildPhase section */

/* Begin XCBuildConfiguration section */
		4A4CC0012BD31C200021F5C7 /* Debug */ = {
			isa = XCBuildConfiguration;
			buildSettings = {
				ALWAYS_SEARCH_USER_PATHS = NO;
				ASSETCATALOG_COMPILER_GENERATE_SWIFT_ASSET_SYMBOL_EXTENSIONS = YES;
				CLANG_ANALYZER_NONNULL = YES;
				CLANG_ANALYZER_NUMBER_OBJECT_CONVERSION = YES_AGGRESSIVE;
				CLANG_CXX_LANGUAGE_STANDARD = "gnu++20";
				CLANG_ENABLE_MODULES = YES;
				CLANG_ENABLE_OBJC_ARC = YES;
				CLANG_ENABLE_OBJC_WEAK = YES;
				CLANG_WARN_BLOCK_CAPTURE_AUTORELEASING = YES;
				CLANG_WARN_BOOL_CONVERSION = YES;
				CLANG_WARN_COMMA = YES;
				CLANG_WARN_CONSTANT_CONVERSION = YES;
				CLANG_WARN_DEPRECATED_OBJC_IMPLEMENTATIONS = YES;
				CLANG_WARN_DIRECT_OBJC_ISA_USAGE = YES_ERROR;
				CLANG_WARN_DOCUMENTATION_COMMENTS = YES;
				CLANG_WARN_EMPTY_BODY = YES;
				CLANG_WARN_ENUM_CONVERSION = YES;
				CLANG_WARN_INFINITE_RECURSION = YES;
				CLANG_WARN_INT_CONVERSION = YES;
				CLANG_WARN_NON_LITERAL_NULL_CONVERSION = YES;
				CLANG_WARN_OBJC_IMPLICIT_RETAIN_SELF = YES;
				CLANG_WARN_OBJC_LITERAL_CONVERSION = YES;
				CLANG_WARN_OBJC_ROOT_CLASS = YES_ERROR;
				CLANG_WARN_QUOTED_INCLUDE_IN_FRAMEWORK_HEADER = YES;
				CLANG_WARN_RANGE_LOOP_ANALYSIS = YES;
				CLANG_WARN_STRICT_PROTOTYPES = YES;
				CLANG_WARN_SUSPICIOUS_MOVE = YES;
				CLANG_WARN_UNGUARDED_AVAILABILITY = YES_AGGRESSIVE;
				CLANG_WARN_UNREACHABLE_CODE = YES;
				CLANG_WARN__DUPLICATE_METHOD_MATCH = YES;
				COPY_PHASE_STRIP = NO;
				DEBUG_INFORMATION_FORMAT = dwarf;
				ENABLE_STRICT_OBJC_MSGSEND = YES;
				ENABLE_TESTABILITY = YES;
				ENABLE_USER_SCRIPT_SANDBOXING = YES;
				GCC_C_LANGUAGE_STANDARD = gnu17;
				GCC_DYNAMIC_NO_PIC = NO;
				GCC_NO_COMMON_BLOCKS = YES;
				GCC_OPTIMIZATION_LEVEL = 0;
				GCC_PREPROCESSOR_DEFINITIONS = (
					"DEBUG=1",
					"$(inherited)",
				);
				GCC_WARN_64_TO_32_BIT_CONVERSION = YES;
				GCC_WARN_ABOUT_RETURN_TYPE = YES_ERROR;
				GCC_WARN_UNDECLARED_SELECTOR = YES;
				GCC_WARN_UNINITIALIZED_AUTOS = YES_AGGRESSIVE;
				GCC_WARN_UNUSED_FUNCTION = YES;
				GCC_WARN_UNUSED_VARIABLE = YES;
				IPHONEOS_DEPLOYMENT_TARGET = 17.4;
				LOCALIZATION_PREFERS_STRING_CATALOGS = YES;
				MTL_ENABLE_DEBUG_INFO = INCLUDE_SOURCE;
				MTL_FAST_MATH = YES;
				ONLY_ACTIVE_ARCH = YES;
				SDKROOT = iphoneos;
				SWIFT_ACTIVE_COMPILATION_CONDITIONS = "DEBUG $(inherited)";
				SWIFT_OPTIMIZATION_LEVEL = "-Onone";
			};
			name = Debug;
		};
		4A4CC0022BD31C200021F5C7 /* Release */ = {
			isa = XCBuildConfiguration;
			buildSettings = {
				ALWAYS_SEARCH_USER_PATHS = NO;
				ASSETCATALOG_COMPILER_GENERATE_SWIFT_ASSET_SYMBOL_EXTENSIONS = YES;
				CLANG_ANALYZER_NONNULL = YES;
				CLANG_ANALYZER_NUMBER_OBJECT_CONVERSION = YES_AGGRESSIVE;
				CLANG_CXX_LANGUAGE_STANDARD = "gnu++20";
				CLANG_ENABLE_MODULES = YES;
				CLANG_ENABLE_OBJC_ARC = YES;
				CLANG_ENABLE_OBJC_WEAK = YES;
				CLANG_WARN_BLOCK_CAPTURE_AUTORELEASING = YES;
				CLANG_WARN_BOOL_CONVERSION = YES;
				CLANG_WARN_COMMA = YES;
				CLANG_WARN_CONSTANT_CONVERSION = YES;
				CLANG_WARN_DEPRECATED_OBJC_IMPLEMENTATIONS = YES;
				CLANG_WARN_DIRECT_OBJC_ISA_USAGE = YES_ERROR;
				CLANG_WARN_DOCUMENTATION_COMMENTS = YES;
				CLANG_WARN_EMPTY_BODY = YES;
				CLANG_WARN_ENUM_CONVERSION = YES;
				CLANG_WARN_INFINITE_RECURSION = YES;
				CLANG_WARN_INT_CONVERSION = YES;
				CLANG_WARN_NON_LITERAL_NULL_CONVERSION = YES;
				CLANG_WARN_OBJC_IMPLICIT_RETAIN_SELF = YES;
				CLANG_WARN_OBJC_LITERAL_CONVERSION = YES;
				CLANG_WARN_OBJC_ROOT_CLASS = YES_ERROR;
				CLANG_WARN_QUOTED_INCLUDE_IN_FRAMEWORK_HEADER = YES;
				CLANG_WARN_RANGE_LOOP_ANALYSIS = YES;
				CLANG_WARN_STRICT_PROTOTYPES = YES;
				CLANG_WARN_SUSPICIOUS_MOVE = YES;
				CLANG_WARN_UNGUARDED_AVAILABILITY = YES_AGGRESSIVE;
				CLANG_WARN_UNREACHABLE_CODE = YES;
				CLANG_WARN__DUPLICATE_METHOD_MATCH = YES;
				COPY_PHASE_STRIP = NO;
				DEBUG_INFORMATION_FORMAT = "dwarf-with-dsym";
				ENABLE_NS_ASSERTIONS = NO;
				ENABLE_STRICT_OBJC_MSGSEND = YES;
				ENABLE_USER_SCRIPT_SANDBOXING = YES;
				GCC_C_LANGUAGE_STANDARD = gnu17;
				GCC_NO_COMMON_BLOCKS = YES;
				GCC_WARN_64_TO_32_BIT_CONVERSION = YES;
				GCC_WARN_ABOUT_RETURN_TYPE = YES_ERROR;
				GCC_WARN_UNDECLARED_SELECTOR = YES;
				GCC_WARN_UNINITIALIZED_AUTOS = YES_AGGRESSIVE;
				GCC_WARN_UNUSED_FUNCTION = YES;
				GCC_WARN_UNUSED_VARIABLE = YES;
				IPHONEOS_DEPLOYMENT_TARGET = 17.4;
				LOCALIZATION_PREFERS_STRING_CATALOGS = YES;
				MTL_ENABLE_DEBUG_INFO = NO;
				MTL_FAST_MATH = YES;
				SDKROOT = iphoneos;
				SWIFT_COMPILATION_MODE = wholemodule;
				VALIDATE_PRODUCT = YES;
			};
			name = Release;
		};
		4A4CC0042BD31C200021F5C7 /* Debug */ = {
			isa = XCBuildConfiguration;
			buildSettings = {
				ASSETCATALOG_COMPILER_APPICON_NAME = AppIcon;
				ASSETCATALOG_COMPILER_GLOBAL_ACCENT_COLOR_NAME = AccentColor;
				CODE_SIGN_STYLE = Automatic;
				CURRENT_PROJECT_VERSION = 1;
				DEVELOPMENT_ASSET_PATHS = "\"Neurable/Preview Content\"";
				DEVELOPMENT_TEAM = 6P422K3WMK;
				ENABLE_PREVIEWS = YES;
				GENERATE_INFOPLIST_FILE = YES;
				INFOPLIST_KEY_UIApplicationSceneManifest_Generation = YES;
				INFOPLIST_KEY_UIApplicationSupportsIndirectInputEvents = YES;
				INFOPLIST_KEY_UILaunchScreen_Generation = YES;
				INFOPLIST_KEY_UISupportedInterfaceOrientations_iPad = "UIInterfaceOrientationPortrait UIInterfaceOrientationPortraitUpsideDown UIInterfaceOrientationLandscapeLeft UIInterfaceOrientationLandscapeRight";
				INFOPLIST_KEY_UISupportedInterfaceOrientations_iPhone = "UIInterfaceOrientationPortrait UIInterfaceOrientationLandscapeLeft UIInterfaceOrientationLandscapeRight";
				LD_RUNPATH_SEARCH_PATHS = (
					"$(inherited)",
					"@executable_path/Frameworks",
				);
				MARKETING_VERSION = 1.0;
				PRODUCT_BUNDLE_IDENTIFIER = com.taylorcodeshop.Neurable;
				PRODUCT_NAME = "$(TARGET_NAME)";
				SWIFT_EMIT_LOC_STRINGS = YES;
				SWIFT_VERSION = 5.0;
				TARGETED_DEVICE_FAMILY = "1,2";
			};
			name = Debug;
		};
		4A4CC0052BD31C200021F5C7 /* Release */ = {
			isa = XCBuildConfiguration;
			buildSettings = {
				ASSETCATALOG_COMPILER_APPICON_NAME = AppIcon;
				ASSETCATALOG_COMPILER_GLOBAL_ACCENT_COLOR_NAME = AccentColor;
				CODE_SIGN_STYLE = Automatic;
				CURRENT_PROJECT_VERSION = 1;
				DEVELOPMENT_ASSET_PATHS = "\"Neurable/Preview Content\"";
				DEVELOPMENT_TEAM = 6P422K3WMK;
				ENABLE_PREVIEWS = YES;
				GENERATE_INFOPLIST_FILE = YES;
				INFOPLIST_KEY_UIApplicationSceneManifest_Generation = YES;
				INFOPLIST_KEY_UIApplicationSupportsIndirectInputEvents = YES;
				INFOPLIST_KEY_UILaunchScreen_Generation = YES;
				INFOPLIST_KEY_UISupportedInterfaceOrientations_iPad = "UIInterfaceOrientationPortrait UIInterfaceOrientationPortraitUpsideDown UIInterfaceOrientationLandscapeLeft UIInterfaceOrientationLandscapeRight";
				INFOPLIST_KEY_UISupportedInterfaceOrientations_iPhone = "UIInterfaceOrientationPortrait UIInterfaceOrientationLandscapeLeft UIInterfaceOrientationLandscapeRight";
				LD_RUNPATH_SEARCH_PATHS = (
					"$(inherited)",
					"@executable_path/Frameworks",
				);
				MARKETING_VERSION = 1.0;
				PRODUCT_BUNDLE_IDENTIFIER = com.taylorcodeshop.Neurable;
				PRODUCT_NAME = "$(TARGET_NAME)";
				SWIFT_EMIT_LOC_STRINGS = YES;
				SWIFT_VERSION = 5.0;
				TARGETED_DEVICE_FAMILY = "1,2";
			};
			name = Release;
		};
/* End XCBuildConfiguration section */

/* Begin XCConfigurationList section */
		4A4CBFF02BD31C1E0021F5C7 /* Build configuration list for PBXProject "Neurable" */ = {
			isa = XCConfigurationList;
			buildConfigurations = (
				4A4CC0012BD31C200021F5C7 /* Debug */,
				4A4CC0022BD31C200021F5C7 /* Release */,
			);
			defaultConfigurationIsVisible = 0;
			defaultConfigurationName = Release;
		};
		4A4CC0032BD31C200021F5C7 /* Build configuration list for PBXNativeTarget "Neurable" */ = {
			isa = XCConfigurationList;
			buildConfigurations = (
				4A4CC0042BD31C200021F5C7 /* Debug */,
				4A4CC0052BD31C200021F5C7 /* Release */,
			);
			defaultConfigurationIsVisible = 0;
			defaultConfigurationName = Release;
		};
/* End XCConfigurationList section */

/* Begin XCRemoteSwiftPackageReference section */
		4A4CC0082BD31DCE0021F5C7 /* XCRemoteSwiftPackageReference "swift-protobuf" */ = {
			isa = XCRemoteSwiftPackageReference;
			repositoryURL = "https://github.com/apple/swift-protobuf.git";
			requirement = {
				kind = upToNextMajorVersion;
				minimumVersion = 1.26.0;
			};
		};
/* End XCRemoteSwiftPackageReference section */

/* Begin XCSwiftPackageProductDependency section */
		4A4CC0092BD31DCE0021F5C7 /* SwiftProtobuf */ = {
			isa = XCSwiftPackageProductDependency;
			package = 4A4CC0082BD31DCE0021F5C7 /* XCRemoteSwiftPackageReference "swift-protobuf" */;
			productName = SwiftProtobuf;
		};
		4A4CC00B2BD31DCE0021F5C7 /* SwiftProtobufPluginLibrary */ = {
			isa = XCSwiftPackageProductDependency;
			package = 4A4CC0082BD31DCE0021F5C7 /* XCRemoteSwiftPackageReference "swift-protobuf" */;
			productName = SwiftProtobufPluginLibrary;
		};
/* End XCSwiftPackageProductDependency section */
	};
	rootObject = 4A4CBFED2BD31C1E0021F5C7 /* Project object */;
}
